{
    "name": "dept-video",
    "lockfileVersion": 2,
    "requires": true,
    "packages": {
        "": {
            "name": "dept-video",
            "license": "MIT",
            "dependencies": {
                "js-cookie": "2.1.4"
            }
        },
        "node_modules/js-cookie": {
            "version": "2.1.4",
            "resolved": "https://registry.npmjs.org/js-cookie/-/js-cookie-2.1.4.tgz",
            "integrity": "sha1-2k7FA4ZvFJ0WTPJfV57zEBUCXY0="
        }
    },
    "dependencies": {
        "js-cookie": {
            "version": "2.1.4",
            "resolved": "https://registry.npmjs.org/js-cookie/-/js-cookie-2.1.4.tgz",
            "integrity": "sha1-2k7FA4ZvFJ0WTPJfV57zEBUCXY0="
        }
    }
}
